
Microsoft Visual Studio Solution File, Format Version 12.00
# Visual Studio 15
Project("{FAE04EC0-301F-11D3-BF4B-00C04F79EFBC}") = "Assembly-CSharp", "Assembly-CSharp.csproj", "{7E778126-383A-7EC1-AEF1-3DD5E7CC6049}"
EndProject
Project("{FAE04EC0-301F-11D3-BF4B-00C04F79EFBC}") = "Assembly-CSharp-Editor", "Assembly-CSharp-Editor.csproj", "{FFEFDF71-6F73-802A-3D65-B9CBD513FBA5}"
EndProject
Project("{FAE04EC0-301F-11D3-BF4B-00C04F79EFBC}") = "Assembly-CSharp-firstpass", "Assembly-CSharp-firstpass.csproj", "{6F65AA19-A276-BBC3-38B5-275EFCB9944E}"
EndProject
Global
	GlobalSection(SolutionConfigurationPlatforms) = preSolution
		Debug|Any CPU = Debug|Any CPU
		Release|Any CPU = Release|Any CPU
	EndGlobalSection
	GlobalSection(ProjectConfigurationPlatforms) = postSolution
		{7E778126-383A-7EC1-AEF1-3DD5E7CC6049}.Debug|Any CPU.ActiveCfg = Debug|Any CPU
		{7E778126-383A-7EC1-AEF1-3DD5E7CC6049}.Debug|Any CPU.Build.0 = Debug|Any CPU
		{7E778126-383A-7EC1-AEF1-3DD5E7CC6049}.Release|Any CPU.ActiveCfg = Release|Any CPU
		{7E778126-383A-7EC1-AEF1-3DD5E7CC6049}.Release|Any CPU.Build.0 = Release|Any CPU
		{FFEFDF71-6F73-802A-3D65-B9CBD513FBA5}.Debug|Any CPU.ActiveCfg = Debug|Any CPU
		{FFEFDF71-6F73-802A-3D65-B9CBD513FBA5}.Debug|Any CPU.Build.0 = Debug|Any CPU
		{FFEFDF71-6F73-802A-3D65-B9CBD513FBA5}.Release|Any CPU.ActiveCfg = Release|Any CPU
		{FFEFDF71-6F73-802A-3D65-B9CBD513FBA5}.Release|Any CPU.Build.0 = Release|Any CPU
		{6F65AA19-A276-BBC3-38B5-275EFCB9944E}.Debug|Any CPU.ActiveCfg = Debug|Any CPU
		{6F65AA19-A276-BBC3-38B5-275EFCB9944E}.Debug|Any CPU.Build.0 = Debug|Any CPU
		{6F65AA19-A276-BBC3-38B5-275EFCB9944E}.Release|Any CPU.ActiveCfg = Release|Any CPU
		{6F65AA19-A276-BBC3-38B5-275EFCB9944E}.Release|Any CPU.Build.0 = Release|Any CPU
	EndGlobalSection
	GlobalSection(SolutionProperties) = preSolution
		HideSolutionNode = FALSE
	EndGlobalSection
EndGlobal
